
Microsoft Visual Studio Solution File, Format Version 12.00
# Visual Studio Version 16
VisualStudioVersion = 16.0.31025.194
MinimumVisualStudioVersion = 10.0.40219.1
Project("{FAE04EC0-301F-11D3-BF4B-00C04F79EFBC}") = "VillainsRP APP.UWP", "VillainsRP APP.UWP\VillainsRP APP.UWP.csproj", "{D8A37AC5-8331-473E-BC07-A991E7E66023}"
EndProject
Project("{FAE04EC0-301F-11D3-BF4B-00C04F79EFBC}") = "VillainsRP APP.Android", "VillainsRP APP.Android\VillainsRP APP.Android.csproj", "{F71E3F34-8C09-48CA-AC2B-A701711BFE8C}"
EndProject
Project("{FAE04EC0-301F-11D3-BF4B-00C04F79EFBC}") = "VillainsRP APP.iOS", "VillainsRP APP.iOS\VillainsRP APP.iOS.csproj", "{78061660-BD68-4133-971E-93E9CD3702BD}"
EndProject
Project("{9A19103F-16F7-4668-BE54-9A1E7A4F7556}") = "VillainsRP APP", "VillainsRP APP\VillainsRP APP.csproj", "{6D606F67-D0FF-46CB-8925-DA61E0CB520C}"
EndProject
Global
	GlobalSection(SolutionConfigurationPlatforms) = preSolution
		Debug|Any CPU = Debug|Any CPU
		Debug|ARM = Debug|ARM
		Debug|iPhone = Debug|iPhone
		Debug|iPhoneSimulator = Debug|iPhoneSimulator
		Debug|x64 = Debug|x64
		Debug|x86 = Debug|x86
		Release|Any CPU = Release|Any CPU
		Release|ARM = Release|ARM
		Release|iPhone = Release|iPhone
		Release|iPhoneSimulator = Release|iPhoneSimulator
		Release|x64 = Release|x64
		Release|x86 = Release|x86
	EndGlobalSection
	GlobalSection(ProjectConfigurationPlatforms) = postSolution
		{D8A37AC5-8331-473E-BC07-A991E7E66023}.Debug|Any CPU.ActiveCfg = Debug|x86
		{D8A37AC5-8331-473E-BC07-A991E7E66023}.Debug|Any CPU.Build.0 = Debug|x86
		{D8A37AC5-8331-473E-BC07-A991E7E66023}.Debug|Any CPU.Deploy.0 = Debug|x86
		{D8A37AC5-8331-473E-BC07-A991E7E66023}.Debug|ARM.ActiveCfg = Debug|ARM
		{D8A37AC5-8331-473E-BC07-A991E7E66023}.Debug|ARM.Build.0 = Debug|ARM
		{D8A37AC5-8331-473E-BC07-A991E7E66023}.Debug|ARM.Deploy.0 = Debug|ARM
		{D8A37AC5-8331-473E-BC07-A991E7E66023}.Debug|iPhone.ActiveCfg = Debug|x86
		{D8A37AC5-8331-473E-BC07-A991E7E66023}.Debug|iPhone.Build.0 = Debug|x86
		{D8A37AC5-8331-473E-BC07-A991E7E66023}.Debug|iPhone.Deploy.0 = Debug|x86
		{D8A37AC5-8331-473E-BC07-A991E7E66023}.Debug|iPhoneSimulator.ActiveCfg = Debug|x86
		{D8A37AC5-8331-473E-BC07-A991E7E66023}.Debug|iPhoneSimulator.Build.0 = Debug|x86
		{D8A37AC5-8331-473E-BC07-A991E7E66023}.Debug|iPhoneSimulator.Deploy.0 = Debug|x86
		{D8A37AC5-8331-473E-BC07-A991E7E66023}.Debug|x64.ActiveCfg = Debug|x64
		{D8A37AC5-8331-473E-BC07-A991E7E66023}.Debug|x64.Build.0 = Debug|x64
		{D8A37AC5-8331-473E-BC07-A991E7E66023}.Debug|x64.Deploy.0 = Debug|x64
		{D8A37AC5-8331-473E-BC07-A991E7E66023}.Debug|x86.ActiveCfg = Debug|x86
		{D8A37AC5-8331-473E-BC07-A991E7E66023}.Debug|x86.Build.0 = Debug|x86
		{D8A37AC5-8331-473E-BC07-A991E7E66023}.Debug|x86.Deploy.0 = Debug|x86
		{D8A37AC5-8331-473E-BC07-A991E7E66023}.Release|Any CPU.ActiveCfg = Release|x86
		{D8A37AC5-8331-473E-BC07-A991E7E66023}.Release|Any CPU.Build.0 = Release|x86
		{D8A37AC5-8331-473E-BC07-A991E7E66023}.Release|Any CPU.Deploy.0 = Release|x86
		{D8A37AC5-8331-473E-BC07-A991E7E66023}.Release|ARM.ActiveCfg = Release|ARM
		{D8A37AC5-8331-473E-BC07-A991E7E66023}.Release|ARM.Build.0 = Release|ARM
		{D8A37AC5-8331-473E-BC07-A991E7E66023}.Release|ARM.Deploy.0 = Release|ARM
		{D8A37AC5-8331-473E-BC07-A991E7E66023}.Release|iPhone.ActiveCfg = Release|x86
		{D8A37AC5-8331-473E-BC07-A991E7E66023}.Release|iPhone.Build.0 = Release|x86
		{D8A37AC5-8331-473E-BC07-A991E7E66023}.Release|iPhone.Deploy.0 = Release|x86
		{D8A37AC5-8331-473E-BC07-A991E7E66023}.Release|iPhoneSimulator.ActiveCfg = Release|x86
		{D8A37AC5-8331-473E-BC07-A991E7E66023}.Release|iPhoneSimulator.Build.0 = Release|x86
		{D8A37AC5-8331-473E-BC07-A991E7E66023}.Release|iPhoneSimulator.Deploy.0 = Release|x86
		{D8A37AC5-8331-473E-BC07-A991E7E66023}.Release|x64.ActiveCfg = Release|x64
		{D8A37AC5-8331-473E-BC07-A991E7E66023}.Release|x64.Build.0 = Release|x64
		{D8A37AC5-8331-473E-BC07-A991E7E66023}.Release|x64.Deploy.0 = Release|x64
		{D8A37AC5-8331-473E-BC07-A991E7E66023}.Release|x86.ActiveCfg = Release|x86
		{D8A37AC5-8331-473E-BC07-A991E7E66023}.Release|x86.Build.0 = Release|x86
		{D8A37AC5-8331-473E-BC07-A991E7E66023}.Release|x86.Deploy.0 = Release|x86
		{F71E3F34-8C09-48CA-AC2B-A701711BFE8C}.Debug|Any CPU.ActiveCfg = Debug|Any CPU
		{F71E3F34-8C09-48CA-AC2B-A701711BFE8C}.Debug|Any CPU.Build.0 = Debug|Any CPU
		{F71E3F34-8C09-48CA-AC2B-A701711BFE8C}.Debug|Any CPU.Deploy.0 = Debug|Any CPU
		{F71E3F34-8C09-48CA-AC2B-A701711BFE8C}.Debug|ARM.ActiveCfg = Debug|Any CPU
		{F71E3F34-8C09-48CA-AC2B-A701711BFE8C}.Debug|ARM.Build.0 = Debug|Any CPU
		{F71E3F34-8C09-48CA-AC2B-A701711BFE8C}.Debug|ARM.Deploy.0 = Debug|Any CPU
		{F71E3F34-8C09-48CA-AC2B-A701711BFE8C}.Debug|iPhone.ActiveCfg = Debug|Any CPU
		{F71E3F34-8C09-48CA-AC2B-A701711BFE8C}.Debug|iPhone.Build.0 = Debug|Any CPU
		{F71E3F34-8C09-48CA-AC2B-A701711BFE8C}.Debug|iPhone.Deploy.0 = Debug|Any CPU
		{F71E3F34-8C09-48CA-AC2B-A701711BFE8C}.Debug|iPhoneSimulator.ActiveCfg = Debug|Any CPU
		{F71E3F34-8C09-48CA-AC2B-A701711BFE8C}.Debug|iPhoneSimulator.Build.0 = Debug|Any CPU
		{F71E3F34-8C09-48CA-AC2B-A701711BFE8C}.Debug|iPhoneSimulator.Deploy.0 = Debug|Any CPU
		{F71E3F34-8C09-48CA-AC2B-A701711BFE8C}.Debug|x64.ActiveCfg = Debug|Any CPU
		{F71E3F34-8C09-48CA-AC2B-A701711BFE8C}.Debug|x64.Build.0 = Debug|Any CPU
		{F71E3F34-8C09-48CA-AC2B-A701711BFE8C}.Debug|x64.Deploy.0 = Debug|Any CPU
		{F71E3F34-8C09-48CA-AC2B-A701711BFE8C}.Debug|x86.ActiveCfg = Debug|Any CPU
		{F71E3F34-8C09-48CA-AC2B-A701711BFE8C}.Debug|x86.Build.0 = Debug|Any CPU
		{F71E3F34-8C09-48CA-AC2B-A701711BFE8C}.Debug|x86.Deploy.0 = Debug|Any CPU
		{F71E3F34-8C09-48CA-AC2B-A701711BFE8C}.Release|Any CPU.ActiveCfg = Release|Any CPU
		{F71E3F34-8C09-48CA-AC2B-A701711BFE8C}.Release|Any CPU.Build.0 = Release|Any CPU
		{F71E3F34-8C09-48CA-AC2B-A701711BFE8C}.Release|Any CPU.Deploy.0 = Release|Any CPU
		{F71E3F34-8C09-48CA-AC2B-A701711BFE8C}.Release|ARM.ActiveCfg = Release|Any CPU
		{F71E3F34-8C09-48CA-AC2B-A701711BFE8C}.Release|ARM.Build.0 = Release|Any CPU
		{F71E3F34-8C09-48CA-AC2B-A701711BFE8C}.Release|ARM.Deploy.0 = Release|Any CPU
		{F71E3F34-8C09-48CA-AC2B-A701711BFE8C}.Release|iPhone.ActiveCfg = Release|Any CPU
		{F71E3F34-8C09-48CA-AC2B-A701711BFE8C}.Release|iPhone.Build.0 = Release|Any CPU
		{F71E3F34-8C09-48CA-AC2B-A701711BFE8C}.Release|iPhone.Deploy.0 = Release|Any CPU
		{F71E3F34-8C09-48CA-AC2B-A701711BFE8C}.Release|iPhoneSimulator.ActiveCfg = Release|Any CPU
		{F71E3F34-8C09-48CA-AC2B-A701711BFE8C}.Release|iPhoneSimulator.Build.0 = Release|Any CPU
		{F71E3F34-8C09-48CA-AC2B-A701711BFE8C}.Release|iPhoneSimulator.Deploy.0 = Release|Any CPU
		{F71E3F34-8C09-48CA-AC2B-A701711BFE8C}.Release|x64.ActiveCfg = Release|Any CPU
		{F71E3F34-8C09-48CA-AC2B-A701711BFE8C}.Release|x64.Build.0 = Release|Any CPU
		{F71E3F34-8C09-48CA-AC2B-A701711BFE8C}.Release|x64.Deploy.0 = Release|Any CPU
		{F71E3F34-8C09-48CA-AC2B-A701711BFE8C}.Release|x86.ActiveCfg = Release|Any CPU
		{F71E3F34-8C09-48CA-AC2B-A701711BFE8C}.Release|x86.Build.0 = Release|Any CPU
		{F71E3F34-8C09-48CA-AC2B-A701711BFE8C}.Release|x86.Deploy.0 = Release|Any CPU
		{78061660-BD68-4133-971E-93E9CD3702BD}.Debug|Any CPU.ActiveCfg = Debug|iPhoneSimulator
		{78061660-BD68-4133-971E-93E9CD3702BD}.Debug|Any CPU.Build.0 = Debug|iPhoneSimulator
		{78061660-BD68-4133-971E-93E9CD3702BD}.Debug|Any CPU.Deploy.0 = Debug|iPhoneSimulator
		{78061660-BD68-4133-971E-93E9CD3702BD}.Debug|ARM.ActiveCfg = Debug|iPhone
		{78061660-BD68-4133-971E-93E9CD3702BD}.Debug|ARM.Build.0 = Debug|iPhone
		{78061660-BD68-4133-971E-93E9CD3702BD}.Debug|ARM.Deploy.0 = Debug|iPhone
		{78061660-BD68-4133-971E-93E9CD3702BD}.Debug|iPhone.ActiveCfg = Debug|iPhone
		{78061660-BD68-4133-971E-93E9CD3702BD}.Debug|iPhone.Build.0 = Debug|iPhone
		{78061660-BD68-4133-971E-93E9CD3702BD}.Debug|iPhone.Deploy.0 = Debug|iPhone
		{78061660-BD68-4133-971E-93E9CD3702BD}.Debug|iPhoneSimulator.ActiveCfg = Debug|iPhoneSimulator
		{78061660-BD68-4133-971E-93E9CD3702BD}.Debug|iPhoneSimulator.Build.0 = Debug|iPhoneSimulator
		{78061660-BD68-4133-971E-93E9CD3702BD}.Debug|iPhoneSimulator.Deploy.0 = Debug|iPhoneSimulator
		{78061660-BD68-4133-971E-93E9CD3702BD}.Debug|x64.ActiveCfg = Debug|iPhoneSimulator
		{78061660-BD68-4133-971E-93E9CD3702BD}.Debug|x64.Build.0 = Debug|iPhoneSimulator
		{78061660-BD68-4133-971E-93E9CD3702BD}.Debug|x64.Deploy.0 = Debug|iPhoneSimulator
		{78061660-BD68-4133-971E-93E9CD3702BD}.Debug|x86.ActiveCfg = Debug|iPhoneSimulator
		{78061660-BD68-4133-971E-93E9CD3702BD}.Debug|x86.Build.0 = Debug|iPhoneSimulator
		{78061660-BD68-4133-971E-93E9CD3702BD}.Debug|x86.Deploy.0 = Debug|iPhoneSimulator
		{78061660-BD68-4133-971E-93E9CD3702BD}.Release|Any CPU.ActiveCfg = Release|iPhoneSimulator
		{78061660-BD68-4133-971E-93E9CD3702BD}.Release|Any CPU.Build.0 = Release|iPhoneSimulator
		{78061660-BD68-4133-971E-93E9CD3702BD}.Release|Any CPU.Deploy.0 = Release|iPhoneSimulator
		{78061660-BD68-4133-971E-93E9CD3702BD}.Release|ARM.ActiveCfg = Release|iPhoneSimulator
		{78061660-BD68-4133-971E-93E9CD3702BD}.Release|ARM.Build.0 = Release|iPhoneSimulator
		{78061660-BD68-4133-971E-93E9CD3702BD}.Release|ARM.Deploy.0 = Release|iPhoneSimulator
		{78061660-BD68-4133-971E-93E9CD3702BD}.Release|iPhone.ActiveCfg = Release|iPhone
		{78061660-BD68-4133-971E-93E9CD3702BD}.Release|iPhone.Build.0 = Release|iPhone
		{78061660-BD68-4133-971E-93E9CD3702BD}.Release|iPhone.Deploy.0 = Release|iPhone
		{78061660-BD68-4133-971E-93E9CD3702BD}.Release|iPhoneSimulator.ActiveCfg = Release|iPhoneSimulator
		{78061660-BD68-4133-971E-93E9CD3702BD}.Release|iPhoneSimulator.Build.0 = Release|iPhoneSimulator
		{78061660-BD68-4133-971E-93E9CD3702BD}.Release|iPhoneSimulator.Deploy.0 = Release|iPhoneSimulator
		{78061660-BD68-4133-971E-93E9CD3702BD}.Release|x64.ActiveCfg = Release|iPhoneSimulator
		{78061660-BD68-4133-971E-93E9CD3702BD}.Release|x64.Build.0 = Release|iPhoneSimulator
		{78061660-BD68-4133-971E-93E9CD3702BD}.Release|x64.Deploy.0 = Release|iPhoneSimulator
		{78061660-BD68-4133-971E-93E9CD3702BD}.Release|x86.ActiveCfg = Release|iPhoneSimulator
		{78061660-BD68-4133-971E-93E9CD3702BD}.Release|x86.Build.0 = Release|iPhoneSimulator
		{78061660-BD68-4133-971E-93E9CD3702BD}.Release|x86.Deploy.0 = Release|iPhoneSimulator
		{6D606F67-D0FF-46CB-8925-DA61E0CB520C}.Debug|Any CPU.ActiveCfg = Debug|Any CPU
		{6D606F67-D0FF-46CB-8925-DA61E0CB520C}.Debug|Any CPU.Build.0 = Debug|Any CPU
		{6D606F67-D0FF-46CB-8925-DA61E0CB520C}.Debug|Any CPU.Deploy.0 = Debug|Any CPU
		{6D606F67-D0FF-46CB-8925-DA61E0CB520C}.Debug|ARM.ActiveCfg = Debug|Any CPU
		{6D606F67-D0FF-46CB-8925-DA61E0CB520C}.Debug|ARM.Build.0 = Debug|Any CPU
		{6D606F67-D0FF-46CB-8925-DA61E0CB520C}.Debug|ARM.Deploy.0 = Debug|Any CPU
		{6D606F67-D0FF-46CB-8925-DA61E0CB520C}.Debug|iPhone.ActiveCfg = Debug|Any CPU
		{6D606F67-D0FF-46CB-8925-DA61E0CB520C}.Debug|iPhone.Build.0 = Debug|Any CPU
		{6D606F67-D0FF-46CB-8925-DA61E0CB520C}.Debug|iPhone.Deploy.0 = Debug|Any CPU
		{6D606F67-D0FF-46CB-8925-DA61E0CB520C}.Debug|iPhoneSimulator.ActiveCfg = Debug|Any CPU
		{6D606F67-D0FF-46CB-8925-DA61E0CB520C}.Debug|iPhoneSimulator.Build.0 = Debug|Any CPU
		{6D606F67-D0FF-46CB-8925-DA61E0CB520C}.Debug|iPhoneSimulator.Deploy.0 = Debug|Any CPU
		{6D606F67-D0FF-46CB-8925-DA61E0CB520C}.Debug|x64.ActiveCfg = Debug|Any CPU
		{6D606F67-D0FF-46CB-8925-DA61E0CB520C}.Debug|x64.Build.0 = Debug|Any CPU
		{6D606F67-D0FF-46CB-8925-DA61E0CB520C}.Debug|x64.Deploy.0 = Debug|Any CPU
		{6D606F67-D0FF-46CB-8925-DA61E0CB520C}.Debug|x86.ActiveCfg = Debug|Any CPU
		{6D606F67-D0FF-46CB-8925-DA61E0CB520C}.Debug|x86.Build.0 = Debug|Any CPU
		{6D606F67-D0FF-46CB-8925-DA61E0CB520C}.Debug|x86.Deploy.0 = Debug|Any CPU
		{6D606F67-D0FF-46CB-8925-DA61E0CB520C}.Release|Any CPU.ActiveCfg = Release|Any CPU
		{6D606F67-D0FF-46CB-8925-DA61E0CB520C}.Release|Any CPU.Build.0 = Release|Any CPU
		{6D606F67-D0FF-46CB-8925-DA61E0CB520C}.Release|Any CPU.Deploy.0 = Release|Any CPU
		{6D606F67-D0FF-46CB-8925-DA61E0CB520C}.Release|ARM.ActiveCfg = Release|Any CPU
		{6D606F67-D0FF-46CB-8925-DA61E0CB520C}.Release|ARM.Build.0 = Release|Any CPU
		{6D606F67-D0FF-46CB-8925-DA61E0CB520C}.Release|ARM.Deploy.0 = Release|Any CPU
		{6D606F67-D0FF-46CB-8925-DA61E0CB520C}.Release|iPhone.ActiveCfg = Release|Any CPU
		{6D606F67-D0FF-46CB-8925-DA61E0CB520C}.Release|iPhone.Build.0 = Release|Any CPU
		{6D606F67-D0FF-46CB-8925-DA61E0CB520C}.Release|iPhone.Deploy.0 = Release|Any CPU
		{6D606F67-D0FF-46CB-8925-DA61E0CB520C}.Release|iPhoneSimulator.ActiveCfg = Release|Any CPU
		{6D606F67-D0FF-46CB-8925-DA61E0CB520C}.Release|iPhoneSimulator.Build.0 = Release|Any CPU
		{6D606F67-D0FF-46CB-8925-DA61E0CB520C}.Release|iPhoneSimulator.Deploy.0 = Release|Any CPU
		{6D606F67-D0FF-46CB-8925-DA61E0CB520C}.Release|x64.ActiveCfg = Release|Any CPU
		{6D606F67-D0FF-46CB-8925-DA61E0CB520C}.Release|x64.Build.0 = Release|Any CPU
		{6D606F67-D0FF-46CB-8925-DA61E0CB520C}.Release|x64.Deploy.0 = Release|Any CPU
		{6D606F67-D0FF-46CB-8925-DA61E0CB520C}.Release|x86.ActiveCfg = Release|Any CPU
		{6D606F67-D0FF-46CB-8925-DA61E0CB520C}.Release|x86.Build.0 = Release|Any CPU
		{6D606F67-D0FF-46CB-8925-DA61E0CB520C}.Release|x86.Deploy.0 = Release|Any CPU
	EndGlobalSection
	GlobalSection(SolutionProperties) = preSolution
		HideSolutionNode = FALSE
	EndGlobalSection
	GlobalSection(ExtensibilityGlobals) = postSolution
		SolutionGuid = {3EBC79F7-2081-432E-9A95-6F7E349D40B2}
	EndGlobalSection
EndGlobal
